<?xml version="1.0" encoding="utf-8"?>
<Project ToolsVersion="4.0" xmlns="http://schemas.microsoft.com/developer/msbuild/2003">
  <ItemGroup>
    <ClCompile Include="main.cpp" />
    <ClCompile Include="Pong.cpp" />
    <ClCompile Include="Paddle.cpp" />
    <ClCompile Include="Ball.cpp" />
    <ClCompile Include="Score.cpp" />
    <ClCompile Include="stdafx.cpp">
      <Filter>Precompile</Filter>
    </ClCompile>
  </ItemGroup>
  <ItemGroup>
    <ClInclude Include="Pong.h" />
    <ClInclude Include="Paddle.h" />
    <ClInclude Include="Ball.h" />
    <ClInclude Include="Score.h" />
    <ClInclude Include="stdafx.h">
      <Filter>Precompile</Filter>
    </ClInclude>
  </ItemGroup>
  <ItemGroup>
    <Filter Include="Precompile">
      <UniqueIdentifier>{5d3310ef-1ff5-4441-9155-3f6b2e2a024b}</UniqueIdentifier>
    </Filter>
  </ItemGroup>
</Project>