<?xml version="1.0" encoding="utf-8"?>
<Project ToolsVersion="4.0" xmlns="http://schemas.microsoft.com/developer/msbuild/2003">
  <ItemGroup>
    <ClInclude Include="PhysicsPlayground.h" />
    <ClInclude Include="PhysicsWorld.h" />
    <ClInclude Include="PhysicsShapes.h" />
    <ClInclude Include="Spareparty.h" />
    <ClInclude Include="PhysicsTestingTestbed.h">
      <Filter>Testbed</Filter>
    </ClInclude>
    <ClInclude Include="ChainBuilder.h">
      <Filter>Testbed</Filter>
    </ClInclude>
    <ClInclude Include="PhysicsSystem.h" />
    <ClInclude Include="SparepartyComponents.h" />
    <ClInclude Include="LevelState.h" />
  </ItemGroup>
  <ItemGroup>
    <ClCompile Include="PhysicsPlayground.cpp" />
    <ClCompile Include="PhysicsWorld.cpp" />
    <ClCompile Include="PhysicsShapes.cpp" />
    <ClCompile Include="Spareparty.cpp" />
    <ClCompile Include="PhysicsTestingTestbed.cpp">
      <Filter>Testbed</Filter>
    </ClCompile>
    <ClCompile Include="ChainBuilder.cpp">
      <Filter>Testbed</Filter>
    </ClCompile>
    <ClCompile Include="PhysicsSystem.cpp" />
    <ClCompile Include="LevelState.cpp" />
  </ItemGroup>
  <ItemGroup>
    <Filter Include="Testbed">
      <UniqueIdentifier>{74d55c43-878f-4901-883a-3f432b6da897}</UniqueIdentifier>
    </Filter>
  </ItemGroup>
</Project>